github.com/bsm/ginkgo/v2 v2.12.0 h1:Ny8MWAHyOepLGlLKYmXG4IEkioBysk6GpaRTLC8zwWs=
github.com/bsm/ginkgo/v2 v2.12.0/go.mod h1:SwYbGRRDovPVboqFv0tPTcG1sN61LM1Z4ARdbAV9g4c=
github.com/bsm/gomega v1.27.10 h1:yeMWxP2pV2fG3FgAODIY8EiRE3dy0aeFYt4l7wh6yKA=
github.com/bsm/gomega v1.27.10/go.mod h1:JyEr/xRbxbtgWNi8tIEVPUYZ5Dzef52k01W3YH0H+O0=
github.com/cespare/xxhash/v2 v2.3.0 h1:UL815xU9SqsFlibzuggzjXhog7bL6oX9BbNZnL2UFvs=
github.com/cespare/xxhash/v2 v2.3.0/go.mod h1:VGX0DQ3Q6kWi7AoAeZDth3/j3BFtOZR5XLFGgcrjCOs=
github.com/davecgh/go-spew v1.1.1 h1:vj9j/u1bqnvCEfJOwUhtlOARqs3+rkHYY13jYWTU97c=
github.com/davecgh/go-spew v1.1.1/go.mod h1:J7Y8YcW2NihsgmVo/mv3lAwl/skON4iLHjSsI+c5H38=
github.com/dgryski/go-rendezvous v0.0.0-20200823014737-9f7001d12a5f h1:lO4WD4F/rVNCu3HqELle0jiPLLBs70cWOduZpkS1E78=
github.com/dgryski/go-rendezvous v0.0.0-20200823014737-9f7001d12a5f/go.mod h1:cuUVRXasLTGF7a8hSLbxyZXjz+1KgoB3wDUb6vlszIc=
github.com/pmezard/go-difflib v1.0.0 h1:4DBwDE0NGyQoBHbLQYPwSUPoCMWR5BEzIk/f1lZbAQM=
github.com/pmezard/go-difflib v1.0.0/go.mod h1:iKH77koFhYxTK1pcRnkKkqfTogsbg7gZNVY4sRDYZ/4=
github.com/redis/go-redis/v9 v9.8.0 h1:q3nRvjrlge/6UD7eTu/DSg2uYiU2mCL0G/uzBWqhicI=
github.com/redis/go-redis/v9 v9.8.0/go.mod h1:huWgSWd8mW6+m0VPhJjSSQ+d6Nh1VICQ6Q5lHuCH/Iw=
github.com/stretchr/objx v0.5.2 h1:xuMeJ0Sdp5ZMRXx/aWO6RZxdr3beISkG5/G/aIRr3pY=
github.com/stretchr/objx v0.5.2/go.mod h1:FRsXN1f5AsAjCGJKqEizvkpNtU+EGNCLh3NxZ/8L+MA=
github.com/stretchr/testify v1.9.0 h1:HtqpIVDClZ4nwg75+f6Lvsy/wHu+3BoSGCbBAcpTsTg=
github.com/stretchr/testify v1.9.0/go.mod h1:r2ic/lqez/lEtzL7wO/rwa5dbSLXVDPFyf8C91i36aY=
github.com/tcodes0/go/clock v0.2.0 h1:42E2NWM6atBBEtkQQOeHOWxXvOhImSONBsnBDbUOOTE=
github.com/tcodes0/go/clock v0.2.0/go.mod h1:kbcfL477FV3mb86eZzX2YwgK3RxaHL28CWZiZxaZsS8=
github.com/tcodes0/go/hue v0.1.4 h1:NVZGNMHiWPow6DyROghsTRa/4tZKNgT07OdzmaThyrs=
github.com/tcodes0/go/hue v0.1.4/go.mod h1:OZmDNFGPVEZWZbglR+Vm51kZDLkcsWJdCDYD6OmSsM4=
github.com/tcodes0/go/jsonutil v0.2.0 h1:CzeuD392eRsDBCtcgCVOPTh6ZfCgJZfLG6suQo7h2fw=
github.com/tcodes0/go/jsonutil v0.2.0/go.mod h1:bcRPJ+9rewPDUfvDavepwMjaQlkEtt02n8ClLDX27Eg=
github.com/tcodes0/go/logging v0.3.0 h1:W3hpS2TDMYiBq0zq+46T1j9l68f9sMgkYrS5LIiQyYc=
github.com/tcodes0/go/logging v0.3.0/go.mod h1:DW4jdiio+6vZpXUSQAWfp2ChFPp8hIr5rWsWoY2jDec=
github.com/tcodes0/go/misc v0.1.4 h1:9Rp9vQQzH3MX6gUgRm/OHped2RPLPLdHnf0VS62cwFs=
github.com/tcodes0/go/misc v0.1.4/go.mod h1:/Qhig72u/OgiKc3hruU+yfchpHGXzKe8Xob7+URieVI=
gopkg.in/check.v1 v0.0.0-20161208181325-20d25e280405 h1:yhCVgyC4o1eVCa2tZl7eS0r+SDo693bJlVdllGtEeKM=
gopkg.in/check.v1 v0.0.0-20161208181325-20d25e280405/go.mod h1:Co6ibVJAznAaIkqp8huTwlJQCZ016jof/cbN4VW5Yz0=
gopkg.in/yaml.v3 v3.0.1 h1:fxVm/GzAzEWqLHuvctI91KS9hhNmmWOoWu0XTYJS7CA=
gopkg.in/yaml.v3 v3.0.1/go.mod h1:K4uyk7z7BCEPqu6E+C64Yfv1cQ7kz7rIZviUmN+EgEM=
